
Microsoft Visual Studio Solution File, Format Version 12.00
# Visual Studio Version 17
VisualStudioVersion = 17.3.32825.248
MinimumVisualStudioVersion = 10.0.40219.1
Project("{8BC9CEB8-8B4A-11D0-8D11-00A0C91BC942}") = "boss", "laba-4\laba-4.vcxproj", "{3E544B4E-1DCF-40C1-BAA8-FA11586F5CB9}"
	ProjectSection(ProjectDependencies) = postProject
		{04753914-DC33-4CBC-9932-56CDF84B591E} = {04753914-DC33-4CBC-9932-56CDF84B591E}
		{CC2EABCB-3C1B-431C-BE94-C83A98B226D3} = {CC2EABCB-3C1B-431C-BE94-C83A98B226D3}
	EndProjectSection
EndProject
Project("{8BC9CEB8-8B4A-11D0-8D11-00A0C91BC942}") = "Parent", "Parent\Parent.vcxproj", "{04753914-DC33-4CBC-9932-56CDF84B591E}"
EndProject
Project("{8BC9CEB8-8B4A-11D0-8D11-00A0C91BC942}") = "Child", "Child\Child.vcxproj", "{CC2EABCB-3C1B-431C-BE94-C83A98B226D3}"
EndProject
Global
	GlobalSection(SolutionConfigurationPlatforms) = preSolution
		Debug|x64 = Debug|x64
		Debug|x86 = Debug|x86
		Release|x64 = Release|x64
		Release|x86 = Release|x86
	EndGlobalSection
	GlobalSection(ProjectConfigurationPlatforms) = postSolution
		{3E544B4E-1DCF-40C1-BAA8-FA11586F5CB9}.Debug|x64.ActiveCfg = Debug|x64
		{3E544B4E-1DCF-40C1-BAA8-FA11586F5CB9}.Debug|x64.Build.0 = Debug|x64
		{3E544B4E-1DCF-40C1-BAA8-FA11586F5CB9}.Debug|x86.ActiveCfg = Debug|Win32
		{3E544B4E-1DCF-40C1-BAA8-FA11586F5CB9}.Debug|x86.Build.0 = Debug|Win32
		{3E544B4E-1DCF-40C1-BAA8-FA11586F5CB9}.Release|x64.ActiveCfg = Release|x64
		{3E544B4E-1DCF-40C1-BAA8-FA11586F5CB9}.Release|x64.Build.0 = Release|x64
		{3E544B4E-1DCF-40C1-BAA8-FA11586F5CB9}.Release|x86.ActiveCfg = Release|Win32
		{3E544B4E-1DCF-40C1-BAA8-FA11586F5CB9}.Release|x86.Build.0 = Release|Win32
		{04753914-DC33-4CBC-9932-56CDF84B591E}.Debug|x64.ActiveCfg = Debug|x64
		{04753914-DC33-4CBC-9932-56CDF84B591E}.Debug|x64.Build.0 = Debug|x64
		{04753914-DC33-4CBC-9932-56CDF84B591E}.Debug|x86.ActiveCfg = Debug|Win32
		{04753914-DC33-4CBC-9932-56CDF84B591E}.Debug|x86.Build.0 = Debug|Win32
		{04753914-DC33-4CBC-9932-56CDF84B591E}.Release|x64.ActiveCfg = Release|x64
		{04753914-DC33-4CBC-9932-56CDF84B591E}.Release|x64.Build.0 = Release|x64
		{04753914-DC33-4CBC-9932-56CDF84B591E}.Release|x86.ActiveCfg = Release|Win32
		{04753914-DC33-4CBC-9932-56CDF84B591E}.Release|x86.Build.0 = Release|Win32
		{CC2EABCB-3C1B-431C-BE94-C83A98B226D3}.Debug|x64.ActiveCfg = Debug|x64
		{CC2EABCB-3C1B-431C-BE94-C83A98B226D3}.Debug|x64.Build.0 = Debug|x64
		{CC2EABCB-3C1B-431C-BE94-C83A98B226D3}.Debug|x86.ActiveCfg = Debug|Win32
		{CC2EABCB-3C1B-431C-BE94-C83A98B226D3}.Debug|x86.Build.0 = Debug|Win32
		{CC2EABCB-3C1B-431C-BE94-C83A98B226D3}.Release|x64.ActiveCfg = Release|x64
		{CC2EABCB-3C1B-431C-BE94-C83A98B226D3}.Release|x64.Build.0 = Release|x64
		{CC2EABCB-3C1B-431C-BE94-C83A98B226D3}.Release|x86.ActiveCfg = Release|Win32
		{CC2EABCB-3C1B-431C-BE94-C83A98B226D3}.Release|x86.Build.0 = Release|Win32
	EndGlobalSection
	GlobalSection(SolutionProperties) = preSolution
		HideSolutionNode = FALSE
	EndGlobalSection
	GlobalSection(ExtensibilityGlobals) = postSolution
		SolutionGuid = {878CB27F-8B35-44D3-A50B-528E0BBF74FD}
	EndGlobalSection
EndGlobal
